{
  "name": "demo",
  "version": "0.0.0",
  "lockfileVersion": 1,
  "requires": true,
  "dependencies": {
    "accepts": {
      "version": "1.3.7",
      "resolved": "https://registry.npm.taobao.org/accepts/download/accepts-1.3.7.tgz",
      "dependencies": {
        "mime-types": {
          "version": "https://registry.npm.taobao.org/mime-types/download/mime-types-2.1.26.tgz?cache=0&other_urls=https%3A%2F%2Fregistry.npm.taobao.org%2Fmime-types%2Fdownload%2Fmime-types-2.1.26.tgz",
          "bundled": true
        },
        "negotiator": {
          "version": "https://registry.npm.taobao.org/negotiator/download/negotiator-0.6.2.tgz",
          "bundled": true
        }
      }
    },
    "compressible": {
      "version": "2.0.18",
      "resolved": "https://registry.npm.taobao.org/compressible/download/compressible-2.0.18.tgz?cache=0&sync_timestamp=1578286227326&other_urls=https%3A%2F%2Fregistry.npm.taobao.org%2Fcompressible%2Fdownload%2Fcompressible-2.0.18.tgz",
      "integrity": "sha1-r1PMprBw1MPAdQ+9dyhqbXzEb7o=",
      "requires": {
        "mime-db": ">= 1.43.0 < 2"
      }
    },
    "compression": {
      "version": "1.7.4",
      "resolved": "http://registry.npm.taobao.org/compression/download/compression-1.7.4.tgz",
      "integrity": "sha1-lVI+/xcMpXwpoMpB5v4TH0Hlu48=",
      "requires": {
        "accepts": "~1.3.5",
        "bytes": "3.0.0",
        "compressible": "~2.0.16",
        "debug": "2.6.9",
        "on-headers": "~1.0.2",
        "safe-buffer": "5.1.2",
        "vary": "~1.1.2"
      },
      "dependencies": {
        "bytes": {
          "version": "3.0.0",
          "resolved": "http://registry.npm.taobao.org/bytes/download/bytes-3.0.0.tgz",
          "integrity": "sha1-0ygVQE1olpn4Wk6k+odV3ROpYEg="
        },
        "debug": {
          "version": "2.6.9",
          "resolved": "http://registry.npm.taobao.org/debug/download/debug-2.6.9.tgz",
          "integrity": "sha1-XRKFFd8TT/Mn6QpMk/Tgd6U2NB8=",
          "requires": {
            "ms": "2.0.0"
          }
        },
        "ms": {
          "version": "2.0.0",
          "resolved": "https://registry.npm.taobao.org/ms/download/ms-2.0.0.tgz?cache=0&other_urls=https%3A%2F%2Fregistry.npm.taobao.org%2Fms%2Fdownload%2Fms-2.0.0.tgz",
          "integrity": "sha1-VgiurfwAvmwpAd9fmGF4jeDVl8g="
        },
        "on-headers": {
          "version": "1.0.2",
          "resolved": "http://registry.npm.taobao.org/on-headers/download/on-headers-1.0.2.tgz",
          "integrity": "sha1-dysK5qqlJcOZ5Imt+tkMQD6zwo8="
        },
        "safe-buffer": {
          "version": "5.1.2",
          "resolved": "https://registry.npm.taobao.org/safe-buffer/download/safe-buffer-5.1.2.tgz?cache=0&sync_timestamp=1562377642757&other_urls=https%3A%2F%2Fregistry.npm.taobao.org%2Fsafe-buffer%2Fdownload%2Fsafe-buffer-5.1.2.tgz",
          "integrity": "sha1-mR7GnSluAxN0fVm9/St0XDX4go0="
        },
        "vary": {
          "version": "1.1.2",
          "resolved": "http://registry.npm.taobao.org/vary/download/vary-1.1.2.tgz",
          "integrity": "sha1-IpnwLG3tMNSllhsLn3RSShj2NPw="
        }
      }
    },
    "connect-history-api-fallback": {
      "version": "1.6.0",
      "resolved": "https://registry.npm.taobao.org/connect-history-api-fallback/download/connect-history-api-fallback-1.6.0.tgz"
    },
    "cookie-parser": {
      "version": "1.4.5",
      "resolved": "https://registry.npm.taobao.org/cookie-parser/download/cookie-parser-1.4.5.tgz",
      "dependencies": {
        "cookie": {
          "version": "https://registry.npm.taobao.org/cookie/download/cookie-0.4.0.tgz",
          "bundled": true
        },
        "cookie-signature": {
          "version": "https://registry.npm.taobao.org/cookie-signature/download/cookie-signature-1.0.6.tgz",
          "bundled": true
        }
      }
    },
    "cors": {
      "version": "2.8.5",
      "resolved": "https://registry.npm.taobao.org/cors/download/cors-2.8.5.tgz",
      "dependencies": {
        "object-assign": {
          "version": "https://registry.npm.taobao.org/object-assign/download/object-assign-4.1.1.tgz"
        },
        "vary": {
          "version": "https://registry.npm.taobao.org/vary/download/vary-1.1.2.tgz"
        }
      }
    },
    "cross-env": {
      "version": "7.0.2",
      "resolved": "https://registry.npm.taobao.org/cross-env/download/cross-env-7.0.2.tgz?cache=0&other_urls=https%3A%2F%2Fregistry.npm.taobao.org%2Fcross-env%2Fdownload%2Fcross-env-7.0.2.tgz",
      "dev": true,
      "dependencies": {
        "cross-spawn": {
          "version": "https://registry.npm.taobao.org/cross-spawn/download/cross-spawn-7.0.1.tgz?cache=0&sync_timestamp=1570439926300&other_urls=https%3A%2F%2Fregistry.npm.taobao.org%2Fcross-spawn%2Fdownload%2Fcross-spawn-7.0.1.tgz"
        }
      }
    },
    "debug": {
      "version": "2.6.9",
      "resolved": "https://registry.npm.taobao.org/debug/download/debug-2.6.9.tgz",
      "requires": {
        "ms": "2.0.0"
      },
      "dependencies": {
        "ms": {
          "version": "2.0.0",
          "resolved": "https://registry.npm.taobao.org/ms/download/ms-2.0.0.tgz"
        }
      }
    },
    "express": {
      "version": "4.16.4",
      "resolved": "https://registry.npm.taobao.org/express/download/express-4.16.4.tgz?cache=0&other_urls=https%3A%2F%2Fregistry.npm.taobao.org%2Fexpress%2Fdownload%2Fexpress-4.16.4.tgz",
      "requires": {
        "accepts": "~1.3.5",
        "debug": "2.6.9"
      },
      "dependencies": {
        "accepts": {
          "version": "https://registry.npm.taobao.org/accepts/download/accepts-1.3.7.tgz",
          "bundled": true,
          "dependencies": {
            "mime-types": {
              "version": "https://registry.npm.taobao.org/mime-types/download/mime-types-2.1.26.tgz?cache=0&other_urls=https%3A%2F%2Fregistry.npm.taobao.org%2Fmime-types%2Fdownload%2Fmime-types-2.1.26.tgz",
              "bundled": true
            },
            "negotiator": {
              "version": "https://registry.npm.taobao.org/negotiator/download/negotiator-0.6.2.tgz",
              "bundled": true
            }
          }
        },
        "array-flatten": {
          "version": "https://registry.npm.taobao.org/array-flatten/download/array-flatten-1.1.1.tgz?cache=0&other_urls=https%3A%2F%2Fregistry.npm.taobao.org%2Farray-flatten%2Fdownload%2Farray-flatten-1.1.1.tgz",
          "bundled": true
        },
        "body-parser": {
          "version": "https://registry.npm.taobao.org/body-parser/download/body-parser-1.18.3.tgz?cache=0&other_urls=https%3A%2F%2Fregistry.npm.taobao.org%2Fbody-parser%2Fdownload%2Fbody-parser-1.18.3.tgz",
          "bundled": true
        },
        "content-disposition": {
          "version": "https://registry.npm.taobao.org/content-disposition/download/content-disposition-0.5.2.tgz",
          "bundled": true
        },
        "content-type": {
          "version": "https://registry.npm.taobao.org/content-type/download/content-type-1.0.4.tgz",
          "bundled": true
        },
        "cookie": {
          "version": "https://registry.npm.taobao.org/cookie/download/cookie-0.3.1.tgz",
          "bundled": true
        },
        "cookie-signature": {
          "version": "https://registry.npm.taobao.org/cookie-signature/download/cookie-signature-1.0.6.tgz",
          "bundled": true
        },
        "debug": {
          "version": "https://registry.npm.taobao.org/debug/download/debug-2.6.9.tgz",
          "bundled": true,
          "dependencies": {
            "ms": {
              "version": "2.0.0",
              "resolved": "https://registry.npm.taobao.org/ms/download/ms-2.0.0.tgz"
            }
          }
        },
        "depd": {
          "version": "https://registry.npm.taobao.org/depd/download/depd-1.1.2.tgz",
          "bundled": true
        },
        "encodeurl": {
          "version": "https://registry.npm.taobao.org/encodeurl/download/encodeurl-1.0.2.tgz",
          "bundled": true
        },
        "escape-html": {
          "version": "https://registry.npm.taobao.org/escape-html/download/escape-html-1.0.3.tgz",
          "bundled": true
        },
        "etag": {
          "version": "https://registry.npm.taobao.org/etag/download/etag-1.8.1.tgz",
          "bundled": true
        },
        "finalhandler": {
          "version": "https://registry.npm.taobao.org/finalhandler/download/finalhandler-1.1.1.tgz",
          "bundled": true
        },
        "fresh": {
          "version": "https://registry.npm.taobao.org/fresh/download/fresh-0.5.2.tgz",
          "bundled": true
        },
        "merge-descriptors": {
          "version": "https://registry.npm.taobao.org/merge-descriptors/download/merge-descriptors-1.0.1.tgz",
          "bundled": true
        },
        "methods": {
          "version": "https://registry.npm.taobao.org/methods/download/methods-1.1.2.tgz",
          "bundled": true
        },
        "on-finished": {
          "version": "https://registry.npm.taobao.org/on-finished/download/on-finished-2.3.0.tgz",
          "bundled": true,
          "dependencies": {
            "ee-first": {
              "version": "https://registry.npm.taobao.org/ee-first/download/ee-first-1.1.1.tgz",
              "bundled": true
            }
          }
        },
        "parseurl": {
          "version": "https://registry.npm.taobao.org/parseurl/download/parseurl-1.3.3.tgz",
          "bundled": true
        },
        "path-to-regexp": {
          "version": "https://registry.npm.taobao.org/path-to-regexp/download/path-to-regexp-0.1.7.tgz?cache=0&sync_timestamp=1574278262588&other_urls=https%3A%2F%2Fregistry.npm.taobao.org%2Fpath-to-regexp%2Fdownload%2Fpath-to-regexp-0.1.7.tgz",
          "bundled": true
        },
        "proxy-addr": {
          "version": "https://registry.npm.taobao.org/proxy-addr/download/proxy-addr-2.0.6.tgz",
          "bundled": true
        },
        "qs": {
          "version": "https://registry.npm.taobao.org/qs/download/qs-6.5.2.tgz?cache=0&sync_timestamp=1585168773645&other_urls=https%3A%2F%2Fregistry.npm.taobao.org%2Fqs%2Fdownload%2Fqs-6.5.2.tgz",
          "bundled": true
        },
        "range-parser": {
          "version": "https://registry.npm.taobao.org/range-parser/download/range-parser-1.2.1.tgz",
          "bundled": true
        },
        "safe-buffer": {
          "version": "https://registry.npm.taobao.org/safe-buffer/download/safe-buffer-5.1.2.tgz",
          "bundled": true
        },
        "send": {
          "version": "https://registry.npm.taobao.org/send/download/send-0.16.2.tgz",
          "bundled": true
        },
        "serve-static": {
          "version": "https://registry.npm.taobao.org/serve-static/download/serve-static-1.13.2.tgz",
          "bundled": true
        },
        "setprototypeof": {
          "version": "https://registry.npm.taobao.org/setprototypeof/download/setprototypeof-1.1.0.tgz",
          "bundled": true
        },
        "statuses": {
          "version": "https://registry.npm.taobao.org/statuses/download/statuses-1.4.0.tgz",
          "bundled": true
        },
        "type-is": {
          "version": "https://registry.npm.taobao.org/type-is/download/type-is-1.6.18.tgz",
          "bundled": true,
          "dependencies": {
            "media-typer": {
              "version": "https://registry.npm.taobao.org/media-typer/download/media-typer-0.3.0.tgz"
            },
            "mime-types": {
              "version": "https://registry.npm.taobao.org/mime-types/download/mime-types-2.1.26.tgz?cache=0&other_urls=https%3A%2F%2Fregistry.npm.taobao.org%2Fmime-types%2Fdownload%2Fmime-types-2.1.26.tgz",
              "dependencies": {
                "mime-db": {
                  "version": "https://registry.npm.taobao.org/mime-db/download/mime-db-1.43.0.tgz?cache=0&sync_timestamp=1578281136306&other_urls=https%3A%2F%2Fregistry.npm.taobao.org%2Fmime-db%2Fdownload%2Fmime-db-1.43.0.tgz",
                  "bundled": true
                }
              }
            }
          }
        },
        "utils-merge": {
          "version": "https://registry.npm.taobao.org/utils-merge/download/utils-merge-1.0.1.tgz",
          "bundled": true
        },
        "vary": {
          "version": "https://registry.npm.taobao.org/vary/download/vary-1.1.2.tgz",
          "bundled": true
        }
      }
    },
    "express-jwt": {
      "version": "5.3.1",
      "resolved": "https://registry.npm.taobao.org/express-jwt/download/express-jwt-5.3.1.tgz",
      "requires": {
        "jsonwebtoken": "^8.1.0"
      },
      "dependencies": {
        "async": {
          "version": "https://registry.npm.taobao.org/async/download/async-1.5.2.tgz"
        },
        "express-unless": {
          "version": "https://registry.npm.taobao.org/express-unless/download/express-unless-0.3.1.tgz"
        },
        "jsonwebtoken": {
          "version": "https://registry.npm.taobao.org/jsonwebtoken/download/jsonwebtoken-8.5.1.tgz"
        },
        "lodash.set": {
          "version": "https://registry.npm.taobao.org/lodash.set/download/lodash.set-4.3.2.tgz"
        }
      }
    },
    "http-errors": {
      "version": "1.6.3",
      "resolved": "https://registry.npm.taobao.org/http-errors/download/http-errors-1.6.3.tgz",
      "dependencies": {
        "depd": {
          "version": "https://registry.npm.taobao.org/depd/download/depd-1.1.2.tgz"
        },
        "inherits": {
          "version": "https://registry.npm.taobao.org/inherits/download/inherits-2.0.3.tgz"
        },
        "setprototypeof": {
          "version": "https://registry.npm.taobao.org/setprototypeof/download/setprototypeof-1.1.0.tgz"
        },
        "statuses": {
          "version": "https://registry.npm.taobao.org/statuses/download/statuses-1.5.0.tgz"
        }
      }
    },
    "jade": {
      "version": "1.11.0",
      "resolved": "https://registry.npm.taobao.org/jade/download/jade-1.11.0.tgz",
      "dependencies": {
        "character-parser": {
          "version": "https://registry.npm.taobao.org/character-parser/download/character-parser-1.2.1.tgz"
        },
        "clean-css": {
          "version": "https://registry.npm.taobao.org/clean-css/download/clean-css-3.4.28.tgz?cache=0&other_urls=https%3A%2F%2Fregistry.npm.taobao.org%2Fclean-css%2Fdownload%2Fclean-css-3.4.28.tgz"
        },
        "commander": {
          "version": "https://registry.npm.taobao.org/commander/download/commander-2.6.0.tgz?cache=0&sync_timestamp=1584148318639&other_urls=https%3A%2F%2Fregistry.npm.taobao.org%2Fcommander%2Fdownload%2Fcommander-2.6.0.tgz"
        },
        "constantinople": {
          "version": "https://registry.npm.taobao.org/constantinople/download/constantinople-3.0.2.tgz"
        },
        "jstransformer": {
          "version": "https://registry.npm.taobao.org/jstransformer/download/jstransformer-0.0.2.tgz"
        },
        "mkdirp": {
          "version": "https://registry.npm.taobao.org/mkdirp/download/mkdirp-0.5.4.tgz"
        },
        "transformers": {
          "version": "https://registry.npm.taobao.org/transformers/download/transformers-2.1.0.tgz"
        },
        "uglify-js": {
          "version": "https://registry.npm.taobao.org/uglify-js/download/uglify-js-2.8.29.tgz?cache=0&sync_timestamp=1582036304578&other_urls=https%3A%2F%2Fregistry.npm.taobao.org%2Fuglify-js%2Fdownload%2Fuglify-js-2.8.29.tgz"
        },
        "void-elements": {
          "version": "https://registry.npm.taobao.org/void-elements/download/void-elements-2.0.1.tgz"
        },
        "with": {
          "version": "https://registry.npm.taobao.org/with/download/with-4.0.3.tgz"
        }
      }
    },
    "jsonwebtoken": {
      "version": "8.5.1",
      "resolved": "https://registry.npm.taobao.org/jsonwebtoken/download/jsonwebtoken-8.5.1.tgz",
      "dependencies": {
        "jws": {
          "version": "https://registry.npm.taobao.org/jws/download/jws-3.2.2.tgz?cache=0&other_urls=https%3A%2F%2Fregistry.npm.taobao.org%2Fjws%2Fdownload%2Fjws-3.2.2.tgz"
        },
        "lodash.includes": {
          "version": "https://registry.npm.taobao.org/lodash.includes/download/lodash.includes-4.3.0.tgz"
        },
        "lodash.isboolean": {
          "version": "https://registry.npm.taobao.org/lodash.isboolean/download/lodash.isboolean-3.0.3.tgz"
        },
        "lodash.isinteger": {
          "version": "https://registry.npm.taobao.org/lodash.isinteger/download/lodash.isinteger-4.0.4.tgz"
        },
        "lodash.isnumber": {
          "version": "https://registry.npm.taobao.org/lodash.isnumber/download/lodash.isnumber-3.0.3.tgz"
        },
        "lodash.isplainobject": {
          "version": "https://registry.npm.taobao.org/lodash.isplainobject/download/lodash.isplainobject-4.0.6.tgz"
        },
        "lodash.isstring": {
          "version": "https://registry.npm.taobao.org/lodash.isstring/download/lodash.isstring-4.0.1.tgz"
        },
        "lodash.once": {
          "version": "https://registry.npm.taobao.org/lodash.once/download/lodash.once-4.1.1.tgz"
        },
        "ms": {
          "version": "https://registry.npm.taobao.org/ms/download/ms-2.1.2.tgz"
        },
        "semver": {
          "version": "https://registry.npm.taobao.org/semver/download/semver-5.7.1.tgz?cache=0&sync_timestamp=1581458146669&other_urls=https%3A%2F%2Fregistry.npm.taobao.org%2Fsemver%2Fdownload%2Fsemver-5.7.1.tgz"
        }
      }
    },
    "mime-db": {
      "version": "1.43.0",
      "resolved": "https://registry.npm.taobao.org/mime-db/download/mime-db-1.43.0.tgz?cache=0&sync_timestamp=1578281136306&other_urls=https%3A%2F%2Fregistry.npm.taobao.org%2Fmime-db%2Fdownload%2Fmime-db-1.43.0.tgz"
    },
    "morgan": {
      "version": "1.9.1",
      "resolved": "https://registry.npm.taobao.org/morgan/download/morgan-1.9.1.tgz",
      "requires": {
        "debug": "2.6.9"
      },
      "dependencies": {
        "basic-auth": {
          "version": "https://registry.npm.taobao.org/basic-auth/download/basic-auth-2.0.1.tgz",
          "bundled": true
        },
        "debug": {
          "version": "https://registry.npm.taobao.org/debug/download/debug-2.6.9.tgz",
          "bundled": true,
          "dependencies": {
            "ms": {
              "version": "2.0.0",
              "resolved": "https://registry.npm.taobao.org/ms/download/ms-2.0.0.tgz"
            }
          }
        },
        "depd": {
          "version": "https://registry.npm.taobao.org/depd/download/depd-1.1.2.tgz",
          "bundled": true
        },
        "on-finished": {
          "version": "https://registry.npm.taobao.org/on-finished/download/on-finished-2.3.0.tgz",
          "bundled": true,
          "dependencies": {
            "ee-first": {
              "version": "https://registry.npm.taobao.org/ee-first/download/ee-first-1.1.1.tgz",
              "bundled": true
            }
          }
        },
        "on-headers": {
          "version": "https://registry.npm.taobao.org/on-headers/download/on-headers-1.0.2.tgz",
          "bundled": true
        }
      }
    },
    "mysql": {
      "version": "2.18.1",
      "resolved": "https://registry.npm.taobao.org/mysql/download/mysql-2.18.1.tgz",
      "dependencies": {
        "bignumber.js": {
          "version": "https://registry.npm.taobao.org/bignumber.js/download/bignumber.js-9.0.0.tgz"
        },
        "readable-stream": {
          "version": "https://registry.npm.taobao.org/readable-stream/download/readable-stream-2.3.7.tgz"
        },
        "safe-buffer": {
          "version": "https://registry.npm.taobao.org/safe-buffer/download/safe-buffer-5.1.2.tgz"
        },
        "sqlstring": {
          "version": "https://registry.npm.taobao.org/sqlstring/download/sqlstring-2.3.1.tgz"
        }
      }
    },
    "request": {
      "version": "2.88.2",
      "resolved": "https://registry.npm.taobao.org/request/download/request-2.88.2.tgz",
      "dependencies": {
        "aws-sign2": {
          "version": "https://registry.npm.taobao.org/aws-sign2/download/aws-sign2-0.7.0.tgz",
          "bundled": true
        },
        "aws4": {
          "version": "https://registry.npm.taobao.org/aws4/download/aws4-1.9.1.tgz",
          "bundled": true
        },
        "caseless": {
          "version": "https://registry.npm.taobao.org/caseless/download/caseless-0.12.0.tgz",
          "bundled": true
        },
        "combined-stream": {
          "version": "https://registry.npm.taobao.org/combined-stream/download/combined-stream-1.0.8.tgz",
          "bundled": true,
          "dependencies": {
            "delayed-stream": {
              "version": "https://registry.npm.taobao.org/delayed-stream/download/delayed-stream-1.0.0.tgz"
            }
          }
        },
        "extend": {
          "version": "https://registry.npm.taobao.org/extend/download/extend-3.0.2.tgz",
          "bundled": true
        },
        "forever-agent": {
          "version": "https://registry.npm.taobao.org/forever-agent/download/forever-agent-0.6.1.tgz",
          "bundled": true
        },
        "form-data": {
          "version": "https://registry.npm.taobao.org/form-data/download/form-data-2.3.3.tgz?cache=0&sync_timestamp=1573027118125&other_urls=https%3A%2F%2Fregistry.npm.taobao.org%2Fform-data%2Fdownload%2Fform-data-2.3.3.tgz",
          "bundled": true,
          "dependencies": {
            "asynckit": {
              "version": "https://registry.npm.taobao.org/asynckit/download/asynckit-0.4.0.tgz",
              "bundled": true
            },
            "combined-stream": {
              "version": "https://registry.npm.taobao.org/combined-stream/download/combined-stream-1.0.8.tgz",
              "bundled": true
            },
            "mime-types": {
              "version": "https://registry.npm.taobao.org/mime-types/download/mime-types-2.1.26.tgz?cache=0&other_urls=https%3A%2F%2Fregistry.npm.taobao.org%2Fmime-types%2Fdownload%2Fmime-types-2.1.26.tgz",
              "bundled": true,
              "dependencies": {
                "mime-db": {
                  "version": "https://registry.npm.taobao.org/mime-db/download/mime-db-1.43.0.tgz?cache=0&sync_timestamp=1578281136306&other_urls=https%3A%2F%2Fregistry.npm.taobao.org%2Fmime-db%2Fdownload%2Fmime-db-1.43.0.tgz",
                  "bundled": true
                }
              }
            }
          }
        },
        "har-validator": {
          "version": "https://registry.npm.taobao.org/har-validator/download/har-validator-5.1.3.tgz",
          "bundled": true
        },
        "http-signature": {
          "version": "https://registry.npm.taobao.org/http-signature/download/http-signature-1.2.0.tgz",
          "bundled": true
        },
        "is-typedarray": {
          "version": "https://registry.npm.taobao.org/is-typedarray/download/is-typedarray-1.0.0.tgz",
          "bundled": true
        },
        "isstream": {
          "version": "https://registry.npm.taobao.org/isstream/download/isstream-0.1.2.tgz",
          "bundled": true
        },
        "json-stringify-safe": {
          "version": "https://registry.npm.taobao.org/json-stringify-safe/download/json-stringify-safe-5.0.1.tgz?cache=0&sync_timestamp=1573614722142&other_urls=https%3A%2F%2Fregistry.npm.taobao.org%2Fjson-stringify-safe%2Fdownload%2Fjson-stringify-safe-5.0.1.tgz",
          "bundled": true
        },
        "mime-types": {
          "version": "https://registry.npm.taobao.org/mime-types/download/mime-types-2.1.26.tgz?cache=0&other_urls=https%3A%2F%2Fregistry.npm.taobao.org%2Fmime-types%2Fdownload%2Fmime-types-2.1.26.tgz",
          "bundled": true,
          "dependencies": {
            "mime-db": {
              "version": "https://registry.npm.taobao.org/mime-db/download/mime-db-1.43.0.tgz?cache=0&sync_timestamp=1578281136306&other_urls=https%3A%2F%2Fregistry.npm.taobao.org%2Fmime-db%2Fdownload%2Fmime-db-1.43.0.tgz",
              "bundled": true
            }
          }
        },
        "oauth-sign": {
          "version": "https://registry.npm.taobao.org/oauth-sign/download/oauth-sign-0.9.0.tgz",
          "bundled": true
        },
        "performance-now": {
          "version": "https://registry.npm.taobao.org/performance-now/download/performance-now-2.1.0.tgz",
          "bundled": true
        },
        "qs": {
          "version": "https://registry.npm.taobao.org/qs/download/qs-6.5.2.tgz?cache=0&sync_timestamp=1585168773645&other_urls=https%3A%2F%2Fregistry.npm.taobao.org%2Fqs%2Fdownload%2Fqs-6.5.2.tgz",
          "bundled": true
        },
        "safe-buffer": {
          "version": "https://registry.npm.taobao.org/safe-buffer/download/safe-buffer-5.2.0.tgz",
          "bundled": true
        },
        "tough-cookie": {
          "version": "https://registry.npm.taobao.org/tough-cookie/download/tough-cookie-2.5.0.tgz?cache=0&sync_timestamp=1584647110516&other_urls=https%3A%2F%2Fregistry.npm.taobao.org%2Ftough-cookie%2Fdownload%2Ftough-cookie-2.5.0.tgz",
          "bundled": true
        },
        "tunnel-agent": {
          "version": "https://registry.npm.taobao.org/tunnel-agent/download/tunnel-agent-0.6.0.tgz",
          "bundled": true
        },
        "uuid": {
          "version": "https://registry.npm.taobao.org/uuid/download/uuid-3.4.0.tgz",
          "bundled": true
        }
      }
    },
    "urlencode": {
      "version": "1.1.0",
      "resolved": "https://registry.npm.taobao.org/urlencode/download/urlencode-1.1.0.tgz"
    },
    "xss": {
      "version": "1.0.6",
      "resolved": "https://registry.npm.taobao.org/xss/download/xss-1.0.6.tgz",
      "dependencies": {
        "commander": {
          "version": "https://registry.npm.taobao.org/commander/download/commander-2.20.3.tgz?cache=0&sync_timestamp=1584148318639&other_urls=https%3A%2F%2Fregistry.npm.taobao.org%2Fcommander%2Fdownload%2Fcommander-2.20.3.tgz",
          "bundled": true
        },
        "cssfilter": {
          "version": "https://registry.npm.taobao.org/cssfilter/download/cssfilter-0.0.10.tgz",
          "bundled": true
        }
      }
    }
  }
}
